
Microsoft Visual Studio Solution File, Format Version 12.00
# Visual Studio Version 16
VisualStudioVersion = 16.0.31112.23
MinimumVisualStudioVersion = 10.0.40219.1
Project("{FAE04EC0-301F-11D3-BF4B-00C04F79EFBC}") = "PopUpExample.UWP", "PopUpExample.UWP\PopUpExample.UWP.csproj", "{10CA962A-7697-443C-AC85-D90D4D383F39}"
EndProject
Project("{FAE04EC0-301F-11D3-BF4B-00C04F79EFBC}") = "PopUpExample.Android", "PopUpExample.Android\PopUpExample.Android.csproj", "{936E260A-FBB9-4C0C-A6AB-8D20AC0919ED}"
EndProject
Project("{FAE04EC0-301F-11D3-BF4B-00C04F79EFBC}") = "PopUpExample.iOS", "PopUpExample.iOS\PopUpExample.iOS.csproj", "{CBDA51C2-67F6-4172-BB21-E92EF1080835}"
EndProject
Project("{FAE04EC0-301F-11D3-BF4B-00C04F79EFBC}") = "PopUpExample", "PopUpExample\PopUpExample.csproj", "{8A40CA58-4C82-4B6A-8610-9B281287F397}"
EndProject
Global
	GlobalSection(SolutionConfigurationPlatforms) = preSolution
		Debug|Any CPU = Debug|Any CPU
		Debug|ARM = Debug|ARM
		Debug|iPhone = Debug|iPhone
		Debug|iPhoneSimulator = Debug|iPhoneSimulator
		Debug|x64 = Debug|x64
		Debug|x86 = Debug|x86
		Release|Any CPU = Release|Any CPU
		Release|ARM = Release|ARM
		Release|iPhone = Release|iPhone
		Release|iPhoneSimulator = Release|iPhoneSimulator
		Release|x64 = Release|x64
		Release|x86 = Release|x86
	EndGlobalSection
	GlobalSection(ProjectConfigurationPlatforms) = postSolution
		{10CA962A-7697-443C-AC85-D90D4D383F39}.Debug|Any CPU.ActiveCfg = Debug|x86
		{10CA962A-7697-443C-AC85-D90D4D383F39}.Debug|Any CPU.Build.0 = Debug|x86
		{10CA962A-7697-443C-AC85-D90D4D383F39}.Debug|Any CPU.Deploy.0 = Debug|x86
		{10CA962A-7697-443C-AC85-D90D4D383F39}.Debug|ARM.ActiveCfg = Debug|ARM
		{10CA962A-7697-443C-AC85-D90D4D383F39}.Debug|ARM.Build.0 = Debug|ARM
		{10CA962A-7697-443C-AC85-D90D4D383F39}.Debug|ARM.Deploy.0 = Debug|ARM
		{10CA962A-7697-443C-AC85-D90D4D383F39}.Debug|iPhone.ActiveCfg = Debug|x86
		{10CA962A-7697-443C-AC85-D90D4D383F39}.Debug|iPhone.Build.0 = Debug|x86
		{10CA962A-7697-443C-AC85-D90D4D383F39}.Debug|iPhone.Deploy.0 = Debug|x86
		{10CA962A-7697-443C-AC85-D90D4D383F39}.Debug|iPhoneSimulator.ActiveCfg = Debug|x86
		{10CA962A-7697-443C-AC85-D90D4D383F39}.Debug|iPhoneSimulator.Build.0 = Debug|x86
		{10CA962A-7697-443C-AC85-D90D4D383F39}.Debug|iPhoneSimulator.Deploy.0 = Debug|x86
		{10CA962A-7697-443C-AC85-D90D4D383F39}.Debug|x64.ActiveCfg = Debug|x64
		{10CA962A-7697-443C-AC85-D90D4D383F39}.Debug|x64.Build.0 = Debug|x64
		{10CA962A-7697-443C-AC85-D90D4D383F39}.Debug|x64.Deploy.0 = Debug|x64
		{10CA962A-7697-443C-AC85-D90D4D383F39}.Debug|x86.ActiveCfg = Debug|x86
		{10CA962A-7697-443C-AC85-D90D4D383F39}.Debug|x86.Build.0 = Debug|x86
		{10CA962A-7697-443C-AC85-D90D4D383F39}.Debug|x86.Deploy.0 = Debug|x86
		{10CA962A-7697-443C-AC85-D90D4D383F39}.Release|Any CPU.ActiveCfg = Release|x86
		{10CA962A-7697-443C-AC85-D90D4D383F39}.Release|Any CPU.Build.0 = Release|x86
		{10CA962A-7697-443C-AC85-D90D4D383F39}.Release|Any CPU.Deploy.0 = Release|x86
		{10CA962A-7697-443C-AC85-D90D4D383F39}.Release|ARM.ActiveCfg = Release|ARM
		{10CA962A-7697-443C-AC85-D90D4D383F39}.Release|ARM.Build.0 = Release|ARM
		{10CA962A-7697-443C-AC85-D90D4D383F39}.Release|ARM.Deploy.0 = Release|ARM
		{10CA962A-7697-443C-AC85-D90D4D383F39}.Release|iPhone.ActiveCfg = Release|x86
		{10CA962A-7697-443C-AC85-D90D4D383F39}.Release|iPhone.Build.0 = Release|x86
		{10CA962A-7697-443C-AC85-D90D4D383F39}.Release|iPhone.Deploy.0 = Release|x86
		{10CA962A-7697-443C-AC85-D90D4D383F39}.Release|iPhoneSimulator.ActiveCfg = Release|x86
		{10CA962A-7697-443C-AC85-D90D4D383F39}.Release|iPhoneSimulator.Build.0 = Release|x86
		{10CA962A-7697-443C-AC85-D90D4D383F39}.Release|iPhoneSimulator.Deploy.0 = Release|x86
		{10CA962A-7697-443C-AC85-D90D4D383F39}.Release|x64.ActiveCfg = Release|x64
		{10CA962A-7697-443C-AC85-D90D4D383F39}.Release|x64.Build.0 = Release|x64
		{10CA962A-7697-443C-AC85-D90D4D383F39}.Release|x64.Deploy.0 = Release|x64
		{10CA962A-7697-443C-AC85-D90D4D383F39}.Release|x86.ActiveCfg = Release|x86
		{10CA962A-7697-443C-AC85-D90D4D383F39}.Release|x86.Build.0 = Release|x86
		{10CA962A-7697-443C-AC85-D90D4D383F39}.Release|x86.Deploy.0 = Release|x86
		{936E260A-FBB9-4C0C-A6AB-8D20AC0919ED}.Debug|Any CPU.ActiveCfg = Debug|Any CPU
		{936E260A-FBB9-4C0C-A6AB-8D20AC0919ED}.Debug|Any CPU.Build.0 = Debug|Any CPU
		{936E260A-FBB9-4C0C-A6AB-8D20AC0919ED}.Debug|Any CPU.Deploy.0 = Debug|Any CPU
		{936E260A-FBB9-4C0C-A6AB-8D20AC0919ED}.Debug|ARM.ActiveCfg = Debug|Any CPU
		{936E260A-FBB9-4C0C-A6AB-8D20AC0919ED}.Debug|ARM.Build.0 = Debug|Any CPU
		{936E260A-FBB9-4C0C-A6AB-8D20AC0919ED}.Debug|ARM.Deploy.0 = Debug|Any CPU
		{936E260A-FBB9-4C0C-A6AB-8D20AC0919ED}.Debug|iPhone.ActiveCfg = Debug|Any CPU
		{936E260A-FBB9-4C0C-A6AB-8D20AC0919ED}.Debug|iPhone.Build.0 = Debug|Any CPU
		{936E260A-FBB9-4C0C-A6AB-8D20AC0919ED}.Debug|iPhone.Deploy.0 = Debug|Any CPU
		{936E260A-FBB9-4C0C-A6AB-8D20AC0919ED}.Debug|iPhoneSimulator.ActiveCfg = Debug|Any CPU
		{936E260A-FBB9-4C0C-A6AB-8D20AC0919ED}.Debug|iPhoneSimulator.Build.0 = Debug|Any CPU
		{936E260A-FBB9-4C0C-A6AB-8D20AC0919ED}.Debug|iPhoneSimulator.Deploy.0 = Debug|Any CPU
		{936E260A-FBB9-4C0C-A6AB-8D20AC0919ED}.Debug|x64.ActiveCfg = Debug|Any CPU
		{936E260A-FBB9-4C0C-A6AB-8D20AC0919ED}.Debug|x64.Build.0 = Debug|Any CPU
		{936E260A-FBB9-4C0C-A6AB-8D20AC0919ED}.Debug|x64.Deploy.0 = Debug|Any CPU
		{936E260A-FBB9-4C0C-A6AB-8D20AC0919ED}.Debug|x86.ActiveCfg = Debug|Any CPU
		{936E260A-FBB9-4C0C-A6AB-8D20AC0919ED}.Debug|x86.Build.0 = Debug|Any CPU
		{936E260A-FBB9-4C0C-A6AB-8D20AC0919ED}.Debug|x86.Deploy.0 = Debug|Any CPU
		{936E260A-FBB9-4C0C-A6AB-8D20AC0919ED}.Release|Any CPU.ActiveCfg = Release|Any CPU
		{936E260A-FBB9-4C0C-A6AB-8D20AC0919ED}.Release|Any CPU.Build.0 = Release|Any CPU
		{936E260A-FBB9-4C0C-A6AB-8D20AC0919ED}.Release|Any CPU.Deploy.0 = Release|Any CPU
		{936E260A-FBB9-4C0C-A6AB-8D20AC0919ED}.Release|ARM.ActiveCfg = Release|Any CPU
		{936E260A-FBB9-4C0C-A6AB-8D20AC0919ED}.Release|ARM.Build.0 = Release|Any CPU
		{936E260A-FBB9-4C0C-A6AB-8D20AC0919ED}.Release|ARM.Deploy.0 = Release|Any CPU
		{936E260A-FBB9-4C0C-A6AB-8D20AC0919ED}.Release|iPhone.ActiveCfg = Release|Any CPU
		{936E260A-FBB9-4C0C-A6AB-8D20AC0919ED}.Release|iPhone.Build.0 = Release|Any CPU
		{936E260A-FBB9-4C0C-A6AB-8D20AC0919ED}.Release|iPhone.Deploy.0 = Release|Any CPU
		{936E260A-FBB9-4C0C-A6AB-8D20AC0919ED}.Release|iPhoneSimulator.ActiveCfg = Release|Any CPU
		{936E260A-FBB9-4C0C-A6AB-8D20AC0919ED}.Release|iPhoneSimulator.Build.0 = Release|Any CPU
		{936E260A-FBB9-4C0C-A6AB-8D20AC0919ED}.Release|iPhoneSimulator.Deploy.0 = Release|Any CPU
		{936E260A-FBB9-4C0C-A6AB-8D20AC0919ED}.Release|x64.ActiveCfg = Release|Any CPU
		{936E260A-FBB9-4C0C-A6AB-8D20AC0919ED}.Release|x64.Build.0 = Release|Any CPU
		{936E260A-FBB9-4C0C-A6AB-8D20AC0919ED}.Release|x64.Deploy.0 = Release|Any CPU
		{936E260A-FBB9-4C0C-A6AB-8D20AC0919ED}.Release|x86.ActiveCfg = Release|Any CPU
		{936E260A-FBB9-4C0C-A6AB-8D20AC0919ED}.Release|x86.Build.0 = Release|Any CPU
		{936E260A-FBB9-4C0C-A6AB-8D20AC0919ED}.Release|x86.Deploy.0 = Release|Any CPU
		{CBDA51C2-67F6-4172-BB21-E92EF1080835}.Debug|Any CPU.ActiveCfg = Debug|iPhoneSimulator
		{CBDA51C2-67F6-4172-BB21-E92EF1080835}.Debug|Any CPU.Build.0 = Debug|iPhoneSimulator
		{CBDA51C2-67F6-4172-BB21-E92EF1080835}.Debug|Any CPU.Deploy.0 = Debug|iPhoneSimulator
		{CBDA51C2-67F6-4172-BB21-E92EF1080835}.Debug|ARM.ActiveCfg = Debug|iPhone
		{CBDA51C2-67F6-4172-BB21-E92EF1080835}.Debug|ARM.Build.0 = Debug|iPhone
		{CBDA51C2-67F6-4172-BB21-E92EF1080835}.Debug|ARM.Deploy.0 = Debug|iPhone
		{CBDA51C2-67F6-4172-BB21-E92EF1080835}.Debug|iPhone.ActiveCfg = Debug|iPhone
		{CBDA51C2-67F6-4172-BB21-E92EF1080835}.Debug|iPhone.Build.0 = Debug|iPhone
		{CBDA51C2-67F6-4172-BB21-E92EF1080835}.Debug|iPhone.Deploy.0 = Debug|iPhone
		{CBDA51C2-67F6-4172-BB21-E92EF1080835}.Debug|iPhoneSimulator.ActiveCfg = Debug|iPhoneSimulator
		{CBDA51C2-67F6-4172-BB21-E92EF1080835}.Debug|iPhoneSimulator.Build.0 = Debug|iPhoneSimulator
		{CBDA51C2-67F6-4172-BB21-E92EF1080835}.Debug|iPhoneSimulator.Deploy.0 = Debug|iPhoneSimulator
		{CBDA51C2-67F6-4172-BB21-E92EF1080835}.Debug|x64.ActiveCfg = Debug|iPhoneSimulator
		{CBDA51C2-67F6-4172-BB21-E92EF1080835}.Debug|x64.Build.0 = Debug|iPhoneSimulator
		{CBDA51C2-67F6-4172-BB21-E92EF1080835}.Debug|x64.Deploy.0 = Debug|iPhoneSimulator
		{CBDA51C2-67F6-4172-BB21-E92EF1080835}.Debug|x86.ActiveCfg = Debug|iPhoneSimulator
		{CBDA51C2-67F6-4172-BB21-E92EF1080835}.Debug|x86.Build.0 = Debug|iPhoneSimulator
		{CBDA51C2-67F6-4172-BB21-E92EF1080835}.Debug|x86.Deploy.0 = Debug|iPhoneSimulator
		{CBDA51C2-67F6-4172-BB21-E92EF1080835}.Release|Any CPU.ActiveCfg = Release|iPhoneSimulator
		{CBDA51C2-67F6-4172-BB21-E92EF1080835}.Release|Any CPU.Build.0 = Release|iPhoneSimulator
		{CBDA51C2-67F6-4172-BB21-E92EF1080835}.Release|Any CPU.Deploy.0 = Release|iPhoneSimulator
		{CBDA51C2-67F6-4172-BB21-E92EF1080835}.Release|ARM.ActiveCfg = Release|iPhoneSimulator
		{CBDA51C2-67F6-4172-BB21-E92EF1080835}.Release|ARM.Build.0 = Release|iPhoneSimulator
		{CBDA51C2-67F6-4172-BB21-E92EF1080835}.Release|ARM.Deploy.0 = Release|iPhoneSimulator
		{CBDA51C2-67F6-4172-BB21-E92EF1080835}.Release|iPhone.ActiveCfg = Release|iPhone
		{CBDA51C2-67F6-4172-BB21-E92EF1080835}.Release|iPhone.Build.0 = Release|iPhone
		{CBDA51C2-67F6-4172-BB21-E92EF1080835}.Release|iPhone.Deploy.0 = Release|iPhone
		{CBDA51C2-67F6-4172-BB21-E92EF1080835}.Release|iPhoneSimulator.ActiveCfg = Release|iPhoneSimulator
		{CBDA51C2-67F6-4172-BB21-E92EF1080835}.Release|iPhoneSimulator.Build.0 = Release|iPhoneSimulator
		{CBDA51C2-67F6-4172-BB21-E92EF1080835}.Release|iPhoneSimulator.Deploy.0 = Release|iPhoneSimulator
		{CBDA51C2-67F6-4172-BB21-E92EF1080835}.Release|x64.ActiveCfg = Release|iPhoneSimulator
		{CBDA51C2-67F6-4172-BB21-E92EF1080835}.Release|x64.Build.0 = Release|iPhoneSimulator
		{CBDA51C2-67F6-4172-BB21-E92EF1080835}.Release|x64.Deploy.0 = Release|iPhoneSimulator
		{CBDA51C2-67F6-4172-BB21-E92EF1080835}.Release|x86.ActiveCfg = Release|iPhoneSimulator
		{CBDA51C2-67F6-4172-BB21-E92EF1080835}.Release|x86.Build.0 = Release|iPhoneSimulator
		{CBDA51C2-67F6-4172-BB21-E92EF1080835}.Release|x86.Deploy.0 = Release|iPhoneSimulator
		{8A40CA58-4C82-4B6A-8610-9B281287F397}.Debug|Any CPU.ActiveCfg = Debug|Any CPU
		{8A40CA58-4C82-4B6A-8610-9B281287F397}.Debug|Any CPU.Build.0 = Debug|Any CPU
		{8A40CA58-4C82-4B6A-8610-9B281287F397}.Debug|Any CPU.Deploy.0 = Debug|Any CPU
		{8A40CA58-4C82-4B6A-8610-9B281287F397}.Debug|ARM.ActiveCfg = Debug|Any CPU
		{8A40CA58-4C82-4B6A-8610-9B281287F397}.Debug|ARM.Build.0 = Debug|Any CPU
		{8A40CA58-4C82-4B6A-8610-9B281287F397}.Debug|ARM.Deploy.0 = Debug|Any CPU
		{8A40CA58-4C82-4B6A-8610-9B281287F397}.Debug|iPhone.ActiveCfg = Debug|Any CPU
		{8A40CA58-4C82-4B6A-8610-9B281287F397}.Debug|iPhone.Build.0 = Debug|Any CPU
		{8A40CA58-4C82-4B6A-8610-9B281287F397}.Debug|iPhone.Deploy.0 = Debug|Any CPU
		{8A40CA58-4C82-4B6A-8610-9B281287F397}.Debug|iPhoneSimulator.ActiveCfg = Debug|Any CPU
		{8A40CA58-4C82-4B6A-8610-9B281287F397}.Debug|iPhoneSimulator.Build.0 = Debug|Any CPU
		{8A40CA58-4C82-4B6A-8610-9B281287F397}.Debug|iPhoneSimulator.Deploy.0 = Debug|Any CPU
		{8A40CA58-4C82-4B6A-8610-9B281287F397}.Debug|x64.ActiveCfg = Debug|Any CPU
		{8A40CA58-4C82-4B6A-8610-9B281287F397}.Debug|x64.Build.0 = Debug|Any CPU
		{8A40CA58-4C82-4B6A-8610-9B281287F397}.Debug|x64.Deploy.0 = Debug|Any CPU
		{8A40CA58-4C82-4B6A-8610-9B281287F397}.Debug|x86.ActiveCfg = Debug|Any CPU
		{8A40CA58-4C82-4B6A-8610-9B281287F397}.Debug|x86.Build.0 = Debug|Any CPU
		{8A40CA58-4C82-4B6A-8610-9B281287F397}.Debug|x86.Deploy.0 = Debug|Any CPU
		{8A40CA58-4C82-4B6A-8610-9B281287F397}.Release|Any CPU.ActiveCfg = Release|Any CPU
		{8A40CA58-4C82-4B6A-8610-9B281287F397}.Release|Any CPU.Build.0 = Release|Any CPU
		{8A40CA58-4C82-4B6A-8610-9B281287F397}.Release|Any CPU.Deploy.0 = Release|Any CPU
		{8A40CA58-4C82-4B6A-8610-9B281287F397}.Release|ARM.ActiveCfg = Release|Any CPU
		{8A40CA58-4C82-4B6A-8610-9B281287F397}.Release|ARM.Build.0 = Release|Any CPU
		{8A40CA58-4C82-4B6A-8610-9B281287F397}.Release|ARM.Deploy.0 = Release|Any CPU
		{8A40CA58-4C82-4B6A-8610-9B281287F397}.Release|iPhone.ActiveCfg = Release|Any CPU
		{8A40CA58-4C82-4B6A-8610-9B281287F397}.Release|iPhone.Build.0 = Release|Any CPU
		{8A40CA58-4C82-4B6A-8610-9B281287F397}.Release|iPhone.Deploy.0 = Release|Any CPU
		{8A40CA58-4C82-4B6A-8610-9B281287F397}.Release|iPhoneSimulator.ActiveCfg = Release|Any CPU
		{8A40CA58-4C82-4B6A-8610-9B281287F397}.Release|iPhoneSimulator.Build.0 = Release|Any CPU
		{8A40CA58-4C82-4B6A-8610-9B281287F397}.Release|iPhoneSimulator.Deploy.0 = Release|Any CPU
		{8A40CA58-4C82-4B6A-8610-9B281287F397}.Release|x64.ActiveCfg = Release|Any CPU
		{8A40CA58-4C82-4B6A-8610-9B281287F397}.Release|x64.Build.0 = Release|Any CPU
		{8A40CA58-4C82-4B6A-8610-9B281287F397}.Release|x64.Deploy.0 = Release|Any CPU
		{8A40CA58-4C82-4B6A-8610-9B281287F397}.Release|x86.ActiveCfg = Release|Any CPU
		{8A40CA58-4C82-4B6A-8610-9B281287F397}.Release|x86.Build.0 = Release|Any CPU
		{8A40CA58-4C82-4B6A-8610-9B281287F397}.Release|x86.Deploy.0 = Release|Any CPU
	EndGlobalSection
	GlobalSection(SolutionProperties) = preSolution
		HideSolutionNode = FALSE
	EndGlobalSection
	GlobalSection(ExtensibilityGlobals) = postSolution
		SolutionGuid = {094C6D09-B49A-4860-9CFB-6CCE4C40C236}
	EndGlobalSection
EndGlobal
